
Microsoft Visual Studio Solution File, Format Version 12.00
# Visual Studio Version 16
VisualStudioVersion = 16.0.31702.278
MinimumVisualStudioVersion = 10.0.40219.1
Project("{9A19103F-16F7-4668-BE54-9A1E7A4F7556}") = "OnRampTrack", "ar script\OnRampTrack.csproj", "{00BBB22C-C682-4393-8923-FA54643C7470}"
EndProject
Global
	GlobalSection(SolutionConfigurationPlatforms) = preSolution
		Debug|Any CPU = Debug|Any CPU
		Release|Any CPU = Release|Any CPU
	EndGlobalSection
	GlobalSection(ProjectConfigurationPlatforms) = postSolution
		{00BBB22C-C682-4393-8923-FA54643C7470}.Debug|Any CPU.ActiveCfg = Debug|Any CPU
		{00BBB22C-C682-4393-8923-FA54643C7470}.Debug|Any CPU.Build.0 = Debug|Any CPU
		{00BBB22C-C682-4393-8923-FA54643C7470}.Release|Any CPU.ActiveCfg = Release|Any CPU
		{00BBB22C-C682-4393-8923-FA54643C7470}.Release|Any CPU.Build.0 = Release|Any CPU
	EndGlobalSection
	GlobalSection(SolutionProperties) = preSolution
		HideSolutionNode = FALSE
	EndGlobalSection
	GlobalSection(ExtensibilityGlobals) = postSolution
		SolutionGuid = {E388E627-85FC-4800-92D9-6C161363ECFD}
	EndGlobalSection
EndGlobal
